{
  "name": "tars-node-demo",
  "version": "1.0.0",
  "lockfileVersion": 1,
  "requires": true,
  "dependencies": {
    "@tars/dyeing": {
      "version": "2.0.0",
      "resolved": "https://registry.npmjs.org/@tars/dyeing/-/dyeing-2.0.0.tgz",
      "integrity": "sha512-7WTk7vRSF2ZlXoRXaAYUs4ReK/sVaBXq0iHGMPWjfAvnkWQn34snncLRWlJ4riSyxUMqeIaB9u1oJWks/T3G5g=="
    },
    "@tars/monitor": {
      "version": "2.1.1",
      "resolved": "https://registry.npmjs.org/@tars/monitor/-/monitor-2.1.1.tgz",
      "integrity": "sha512-wlxllNQAkTsSXTtptQaGh9nugZdQ6Jzrob4hk/26d/AQLFOM65Wpm5wNefxgoW06X18DBEHhDTgtbputdTnvGw==",
      "requires": {
        "@tars/rpc": "2.0.9",
        "@tars/stream": "2.0.1",
        "@tars/utils": "2.0.0"
      },
      "dependencies": {
        "@tars/stream": {
          "version": "2.0.1",
          "resolved": "https://registry.npmjs.org/@tars/stream/-/stream-2.0.1.tgz",
          "integrity": "sha512-19EUxJCA/y2pHQDYR1Iutr2P2GCeXMFuO6kabYOwzrpsKPhMyd6gGnFT2d4e+86hXC8vTXGBAuzJrAGIgvqiMA==",
          "requires": {
            "big.js": "3.2.0"
          }
        },
        "@tars/utils": {
          "version": "2.0.0",
          "resolved": "https://registry.npmjs.org/@tars/utils/-/utils-2.0.0.tgz",
          "integrity": "sha512-JrxaB4afXe9HMDeXMhRGDinWEmLNhCM8zkBlGTNwPmuwYoW7SWh439zMw0NBPWy8AMlvMgY5Rkmlp+H9reB5Jg==",
          "requires": {
            "bluebird": "3.5.3"
          }
        }
      }
    },
    "@tars/registry": {
      "version": "2.0.3",
      "resolved": "https://registry.npmjs.org/@tars/registry/-/registry-2.0.3.tgz",
      "integrity": "sha512-2lot2SC/FWz72Wzb4+W6nhg3xP4ntSLIv5n0yL1H8NSa1pE7RctCyW/nmDdNXcYq+32GskCe9FTYhVb2rhI5RA==",
      "requires": {
        "@tars/rpc": "2.0.9",
        "@tars/stream": "2.0.1"
      },
      "dependencies": {
        "@tars/stream": {
          "version": "2.0.1",
          "resolved": "https://registry.npmjs.org/@tars/stream/-/stream-2.0.1.tgz",
          "integrity": "sha512-19EUxJCA/y2pHQDYR1Iutr2P2GCeXMFuO6kabYOwzrpsKPhMyd6gGnFT2d4e+86hXC8vTXGBAuzJrAGIgvqiMA==",
          "requires": {
            "big.js": "3.2.0"
          }
        }
      }
    },
    "@tars/rpc": {
      "version": "2.0.9",
      "resolved": "https://registry.npmjs.org/@tars/rpc/-/rpc-2.0.9.tgz",
      "integrity": "sha512-Qv5XHfJLRvfMX1zBUo6cGGgZrJaLaAmklaPVaKlcnuseShz9SI8LBXMRZSpdZFxFexISQCaguHcf8yhRgtgpqg==",
      "requires": {
        "@tars/dyeing": "2.0.0",
        "@tars/monitor": "2.1.1",
        "@tars/registry": "2.0.3",
        "@tars/stream": "2.0.1",
        "@tars/utils": "2.0.0",
        "hashring": "3.2.0"
      }
    },
    "@tars/stream": {
      "version": "2.0.1",
      "resolved": "https://registry.npmjs.org/@tars/stream/-/stream-2.0.1.tgz",
      "integrity": "sha512-19EUxJCA/y2pHQDYR1Iutr2P2GCeXMFuO6kabYOwzrpsKPhMyd6gGnFT2d4e+86hXC8vTXGBAuzJrAGIgvqiMA==",
      "requires": {
        "big.js": "3.2.0"
      }
    },
    "@tars/utils": {
      "version": "2.0.0",
      "resolved": "https://registry.npmjs.org/@tars/utils/-/utils-2.0.0.tgz",
      "integrity": "sha512-JrxaB4afXe9HMDeXMhRGDinWEmLNhCM8zkBlGTNwPmuwYoW7SWh439zMw0NBPWy8AMlvMgY5Rkmlp+H9reB5Jg==",
      "requires": {
        "bluebird": "3.5.3"
      }
    },
    "big.js": {
      "version": "3.2.0",
      "resolved": "https://registry.npmjs.org/big.js/-/big.js-3.2.0.tgz",
      "integrity": "sha512-+hN/Zh2D08Mx65pZ/4g5bsmNiZUuChDiQfTUQ7qJr4/kuopCr88xZsAXv6mBoZEsUI4OuGHlX59qE94K2mMW8Q=="
    },
    "bluebird": {
      "version": "3.5.3",
      "resolved": "https://registry.npmjs.org/bluebird/-/bluebird-3.5.3.tgz",
      "integrity": "sha512-/qKPUQlaW1OyR51WeCPBvRnAlnZFUJkCSG5HzGnuIqhgyJtF+T94lFnn33eiazjRm2LAHVy2guNnaq48X9SJuw=="
    },
    "connection-parse": {
      "version": "0.0.7",
      "resolved": "https://registry.npmjs.org/connection-parse/-/connection-parse-0.0.7.tgz",
      "integrity": "sha1-GOcxiqsGppkmc3KxDFIm0locmmk="
    },
    "hashring": {
      "version": "3.2.0",
      "resolved": "https://registry.npmjs.org/hashring/-/hashring-3.2.0.tgz",
      "integrity": "sha1-/aTv3oqiLNuX+x0qZeiEAeHBRM4=",
      "requires": {
        "connection-parse": "0.0.7",
        "simple-lru-cache": "0.0.2"
      }
    },
    "simple-lru-cache": {
      "version": "0.0.2",
      "resolved": "https://registry.npmjs.org/simple-lru-cache/-/simple-lru-cache-0.0.2.tgz",
      "integrity": "sha1-1ZzDoZPBpdAyD4Tucy9uRxPlEd0="
    }
  }
}
